
Microsoft Visual Studio Solution File, Format Version 12.00
# Visual Studio Version 17
VisualStudioVersion = 17.5.002.0
MinimumVisualStudioVersion = 10.0.40219.1
Project("{9A19103F-16F7-4668-BE54-9A1E7A4F7556}") = "lab_6", "lab_6.csproj", "{31F217AA-1F3A-4873-ABAE-E4FDBF4EBF66}"
EndProject
Global
	GlobalSection(SolutionConfigurationPlatforms) = preSolution
		Debug|Any CPU = Debug|Any CPU
		Release|Any CPU = Release|Any CPU
	EndGlobalSection
	GlobalSection(ProjectConfigurationPlatforms) = postSolution
		{31F217AA-1F3A-4873-ABAE-E4FDBF4EBF66}.Debug|Any CPU.ActiveCfg = Debug|Any CPU
		{31F217AA-1F3A-4873-ABAE-E4FDBF4EBF66}.Debug|Any CPU.Build.0 = Debug|Any CPU
		{31F217AA-1F3A-4873-ABAE-E4FDBF4EBF66}.Release|Any CPU.ActiveCfg = Release|Any CPU
		{31F217AA-1F3A-4873-ABAE-E4FDBF4EBF66}.Release|Any CPU.Build.0 = Release|Any CPU
	EndGlobalSection
	GlobalSection(SolutionProperties) = preSolution
		HideSolutionNode = FALSE
	EndGlobalSection
	GlobalSection(ExtensibilityGlobals) = postSolution
		SolutionGuid = {4D1ACED3-E461-4602-948B-234964193558}
	EndGlobalSection
EndGlobal
